{
  "name": "lernib-template-ts",
  "version": "0.0.0",
  "lockfileVersion": 3,
  "requires": true,
  "packages": {
    "": {
      "name": "lernib-template-ts",
      "version": "0.0.0",
      "devDependencies": {
        "@tsconfig/node-lts": "^20.1.1",
        "typescript": "^5.3.3"
      }
    },
    "node_modules/@tsconfig/node-lts": {
      "version": "20.1.1",
      "resolved": "https://registry.npmjs.org/@tsconfig/node-lts/-/node-lts-20.1.1.tgz",
      "integrity": "sha512-V7wHydi1dv8I8xiOX3pJ0lhC+MlOakznvLks94J6y/TqQK6DBcbdD1G4jEq8yU+s6lBASPn4e1Ci636fDqeyvQ==",
      "dev": true
    },
    "node_modules/typescript": {
      "version": "5.3.3",
      "resolved": "https://registry.npmjs.org/typescript/-/typescript-5.3.3.tgz",
      "integrity": "sha512-pXWcraxM0uxAS+tN0AG/BF2TyqmHO014Z070UsJ+pFvYuRSq8KH8DmWpnbXe0pEPDHXZV3FcAbJkijJ5oNEnWw==",
      "dev": true,
      "bin": {
        "tsc": "bin/tsc",
        "tsserver": "bin/tsserver"
      },
      "engines": {
        "node": ">=14.17"
      }
    }
  }
}
